
Microsoft Visual Studio Solution File, Format Version 12.00
# Visual Studio 15
VisualStudioVersion = 15.0.27703.2047
MinimumVisualStudioVersion = 10.0.40219.1
Project("{9A19103F-16F7-4668-BE54-9A1E7A4F7556}") = "WebAPI", "WebAPI\WebAPI.csproj", "{EF23ED9C-B80F-4163-AC33-AD0541F294FF}"
EndProject
Project("{FAE04EC0-301F-11D3-BF4B-00C04F79EFBC}") = "MVCApp", "WebApp\MVCApp.csproj", "{AE691F43-F539-4FC3-AEC2-4CB3496D2AF5}"
EndProject
Global
	GlobalSection(SolutionConfigurationPlatforms) = preSolution
		Debug|Any CPU = Debug|Any CPU
		Release|Any CPU = Release|Any CPU
	EndGlobalSection
	GlobalSection(ProjectConfigurationPlatforms) = postSolution
		{EF23ED9C-B80F-4163-AC33-AD0541F294FF}.Debug|Any CPU.ActiveCfg = Debug|Any CPU
		{EF23ED9C-B80F-4163-AC33-AD0541F294FF}.Debug|Any CPU.Build.0 = Debug|Any CPU
		{EF23ED9C-B80F-4163-AC33-AD0541F294FF}.Release|Any CPU.ActiveCfg = Release|Any CPU
		{EF23ED9C-B80F-4163-AC33-AD0541F294FF}.Release|Any CPU.Build.0 = Release|Any CPU
		{AE691F43-F539-4FC3-AEC2-4CB3496D2AF5}.Debug|Any CPU.ActiveCfg = Debug|Any CPU
		{AE691F43-F539-4FC3-AEC2-4CB3496D2AF5}.Debug|Any CPU.Build.0 = Debug|Any CPU
		{AE691F43-F539-4FC3-AEC2-4CB3496D2AF5}.Release|Any CPU.ActiveCfg = Release|Any CPU
		{AE691F43-F539-4FC3-AEC2-4CB3496D2AF5}.Release|Any CPU.Build.0 = Release|Any CPU
	EndGlobalSection
	GlobalSection(SolutionProperties) = preSolution
		HideSolutionNode = FALSE
	EndGlobalSection
	GlobalSection(ExtensibilityGlobals) = postSolution
		SolutionGuid = {F1EE1A41-4117-465A-BFD8-D73A8FCB662B}
	EndGlobalSection
EndGlobal
